
Microsoft Visual Studio Solution File, Format Version 12.00
# Visual Studio 15
VisualStudioVersion = 15.0.28307.1525
MinimumVisualStudioVersion = 10.0.40219.1
Project("{9A19103F-16F7-4668-BE54-9A1E7A4F7556}") = "Class work (C sharp)", "Class work (C sharp)\Class work (C sharp).csproj", "{BF1AA770-0BB1-4E23-AC6B-638002BD2671}"
EndProject
Project("{9A19103F-16F7-4668-BE54-9A1E7A4F7556}") = "Class work 2", "Class work 2\Class work 2.csproj", "{80EF063F-5F9A-4D1A-9220-57295C15353E}"
EndProject
Project("{9A19103F-16F7-4668-BE54-9A1E7A4F7556}") = "Class work 1", "Class work 1\Class work 1.csproj", "{94BB25BD-6828-4DD8-AF8D-B1A4135DBE93}"
EndProject
Project("{FAE04EC0-301F-11D3-BF4B-00C04F79EFBC}") = "ConsoleApp1", "ConsoleApp1\ConsoleApp1.csproj", "{3C5B3836-5C9F-4DCA-AA93-C5BF1064E5C5}"
EndProject
Global
	GlobalSection(SolutionConfigurationPlatforms) = preSolution
		Debug|Any CPU = Debug|Any CPU
		Release|Any CPU = Release|Any CPU
	EndGlobalSection
	GlobalSection(ProjectConfigurationPlatforms) = postSolution
		{BF1AA770-0BB1-4E23-AC6B-638002BD2671}.Debug|Any CPU.ActiveCfg = Debug|Any CPU
		{BF1AA770-0BB1-4E23-AC6B-638002BD2671}.Debug|Any CPU.Build.0 = Debug|Any CPU
		{BF1AA770-0BB1-4E23-AC6B-638002BD2671}.Release|Any CPU.ActiveCfg = Release|Any CPU
		{BF1AA770-0BB1-4E23-AC6B-638002BD2671}.Release|Any CPU.Build.0 = Release|Any CPU
		{80EF063F-5F9A-4D1A-9220-57295C15353E}.Debug|Any CPU.ActiveCfg = Debug|Any CPU
		{80EF063F-5F9A-4D1A-9220-57295C15353E}.Debug|Any CPU.Build.0 = Debug|Any CPU
		{80EF063F-5F9A-4D1A-9220-57295C15353E}.Release|Any CPU.ActiveCfg = Release|Any CPU
		{80EF063F-5F9A-4D1A-9220-57295C15353E}.Release|Any CPU.Build.0 = Release|Any CPU
		{94BB25BD-6828-4DD8-AF8D-B1A4135DBE93}.Debug|Any CPU.ActiveCfg = Debug|Any CPU
		{94BB25BD-6828-4DD8-AF8D-B1A4135DBE93}.Debug|Any CPU.Build.0 = Debug|Any CPU
		{94BB25BD-6828-4DD8-AF8D-B1A4135DBE93}.Release|Any CPU.ActiveCfg = Release|Any CPU
		{94BB25BD-6828-4DD8-AF8D-B1A4135DBE93}.Release|Any CPU.Build.0 = Release|Any CPU
		{3C5B3836-5C9F-4DCA-AA93-C5BF1064E5C5}.Debug|Any CPU.ActiveCfg = Debug|Any CPU
		{3C5B3836-5C9F-4DCA-AA93-C5BF1064E5C5}.Debug|Any CPU.Build.0 = Debug|Any CPU
		{3C5B3836-5C9F-4DCA-AA93-C5BF1064E5C5}.Release|Any CPU.ActiveCfg = Release|Any CPU
		{3C5B3836-5C9F-4DCA-AA93-C5BF1064E5C5}.Release|Any CPU.Build.0 = Release|Any CPU
	EndGlobalSection
	GlobalSection(SolutionProperties) = preSolution
		HideSolutionNode = FALSE
	EndGlobalSection
	GlobalSection(ExtensibilityGlobals) = postSolution
		SolutionGuid = {ACA314BC-864D-49F5-A913-070E7BA85C32}
	EndGlobalSection
EndGlobal
